
Microsoft Visual Studio Solution File, Format Version 12.00
# Visual Studio 15
VisualStudioVersion = 15.0.28307.489
MinimumVisualStudioVersion = 10.0.40219.1
Project("{2150E333-8FDC-42A3-9474-1A3956D46DE8}") = "1-Common", "1-Common", "{8E6D744A-EC4A-489D-AF31-40F43819FC71}"
EndProject
Project("{2150E333-8FDC-42A3-9474-1A3956D46DE8}") = "2-Domain", "2-Domain", "{C911241A-11D1-486D-81F2-B0BD7F30D334}"
EndProject
Project("{2150E333-8FDC-42A3-9474-1A3956D46DE8}") = "3-Dal", "3-Dal", "{2A71ED5A-60ED-47D9-A44A-406D0F312177}"
EndProject
Project("{2150E333-8FDC-42A3-9474-1A3956D46DE8}") = "4-Bll", "4-Bll", "{C1343EE1-B188-45C1-A820-8F9AEBEB0327}"
EndProject
Project("{2150E333-8FDC-42A3-9474-1A3956D46DE8}") = "5-Service", "5-Service", "{69375150-CDA4-4078-9529-BD2AA2857C19}"
EndProject
Project("{2150E333-8FDC-42A3-9474-1A3956D46DE8}") = "6-Presentation", "6-Presentation", "{711E9695-1E09-4B24-8F9B-57398DBF3C56}"
EndProject
Project("{FAE04EC0-301F-11D3-BF4B-00C04F79EFBC}") = "Bruce.GuoPan.DataCenter", "服务层\Bruce.GuoPan.DataCenter\Bruce.GuoPan.DataCenter.csproj", "{E2EBF024-4B95-4422-957A-C769B10AE585}"
EndProject
Project("{FAE04EC0-301F-11D3-BF4B-00C04F79EFBC}") = "Bruce.GuoPan.Core", "公共层\Bruce.GuoPan.Core\Bruce.GuoPan.Core.csproj", "{E2F49CDC-BA99-48ED-BA26-ADD4B7E8E1C6}"
EndProject
Project("{FAE04EC0-301F-11D3-BF4B-00C04F79EFBC}") = "Bruce.GuoPan.Data", "数据层\Bruce.GuoPan.Data\Bruce.GuoPan.Data.csproj", "{877CA442-587A-4AD1-B8FE-F49D1E3763BD}"
EndProject
Project("{FAE04EC0-301F-11D3-BF4B-00C04F79EFBC}") = "Bruce.GuoPan.Model", "领域层\Bruce.GuoPan.Model\Bruce.GuoPan.Model.csproj", "{0214C655-8677-48F1-B722-43A71EC3503E}"
EndProject
Project("{FAE04EC0-301F-11D3-BF4B-00C04F79EFBC}") = "Bruce.GuoPan.ViewModel", "领域层\Bruce.GuoPan.ViewModel\Bruce.GuoPan.ViewModel.csproj", "{665AD37A-D692-413D-8527-67ADEEC80992}"
EndProject
Project("{FAE04EC0-301F-11D3-BF4B-00C04F79EFBC}") = "Bruce.GuoPan.Bll", "逻辑层\Bruce.GuoPan.Bll\Bruce.GuoPan.Bll.csproj", "{7FA05D16-90F1-44E8-A4A6-4FE5954740D7}"
EndProject
Project("{2150E333-8FDC-42A3-9474-1A3956D46DE8}") = "7-Test", "7-Test", "{D551F251-DB60-4F79-B4E1-9BEDAD194D70}"
EndProject
Project("{FAE04EC0-301F-11D3-BF4B-00C04F79EFBC}") = "Bruce.GuoPan.UnitTest", "测试层\Bruce.GuoPan.UnitTest\Bruce.GuoPan.UnitTest.csproj", "{0D2FB81F-5DFC-4513-BB0B-13AD2158769C}"
EndProject
Project("{FAE04EC0-301F-11D3-BF4B-00C04F79EFBC}") = "Bruce.GuoPan.Application", "表示层\Bruce.GuoPan.Application\Bruce.GuoPan.Application.csproj", "{101D3072-3569-4E1D-9F1D-0FE1ED3E8892}"
EndProject
Project("{FAE04EC0-301F-11D3-BF4B-00C04F79EFBC}") = "Bruce.GuoPan.DataDealWith", "表示层\Bruce.GuoPan.DataDealWith\Bruce.GuoPan.DataDealWith.csproj", "{1CF50D4D-4DDA-4798-9D73-156A2F8E228B}"
EndProject
Project("{FAE04EC0-301F-11D3-BF4B-00C04F79EFBC}") = "Bruce.GuoPan.House", "表示层\Bruce.GuoPan.House\Bruce.GuoPan.House.csproj", "{C0168AD6-B906-4D3D-ADB0-2C259B9DEADC}"
EndProject
Global
	GlobalSection(SolutionConfigurationPlatforms) = preSolution
		Debug|Any CPU = Debug|Any CPU
		Release|Any CPU = Release|Any CPU
	EndGlobalSection
	GlobalSection(ProjectConfigurationPlatforms) = postSolution
		{E2EBF024-4B95-4422-957A-C769B10AE585}.Debug|Any CPU.ActiveCfg = Debug|Any CPU
		{E2EBF024-4B95-4422-957A-C769B10AE585}.Debug|Any CPU.Build.0 = Debug|Any CPU
		{E2EBF024-4B95-4422-957A-C769B10AE585}.Release|Any CPU.ActiveCfg = Release|Any CPU
		{E2EBF024-4B95-4422-957A-C769B10AE585}.Release|Any CPU.Build.0 = Release|Any CPU
		{E2F49CDC-BA99-48ED-BA26-ADD4B7E8E1C6}.Debug|Any CPU.ActiveCfg = Debug|Any CPU
		{E2F49CDC-BA99-48ED-BA26-ADD4B7E8E1C6}.Debug|Any CPU.Build.0 = Debug|Any CPU
		{E2F49CDC-BA99-48ED-BA26-ADD4B7E8E1C6}.Release|Any CPU.ActiveCfg = Release|Any CPU
		{E2F49CDC-BA99-48ED-BA26-ADD4B7E8E1C6}.Release|Any CPU.Build.0 = Release|Any CPU
		{877CA442-587A-4AD1-B8FE-F49D1E3763BD}.Debug|Any CPU.ActiveCfg = Debug|Any CPU
		{877CA442-587A-4AD1-B8FE-F49D1E3763BD}.Debug|Any CPU.Build.0 = Debug|Any CPU
		{877CA442-587A-4AD1-B8FE-F49D1E3763BD}.Release|Any CPU.ActiveCfg = Release|Any CPU
		{877CA442-587A-4AD1-B8FE-F49D1E3763BD}.Release|Any CPU.Build.0 = Release|Any CPU
		{0214C655-8677-48F1-B722-43A71EC3503E}.Debug|Any CPU.ActiveCfg = Debug|Any CPU
		{0214C655-8677-48F1-B722-43A71EC3503E}.Debug|Any CPU.Build.0 = Debug|Any CPU
		{0214C655-8677-48F1-B722-43A71EC3503E}.Release|Any CPU.ActiveCfg = Release|Any CPU
		{0214C655-8677-48F1-B722-43A71EC3503E}.Release|Any CPU.Build.0 = Release|Any CPU
		{665AD37A-D692-413D-8527-67ADEEC80992}.Debug|Any CPU.ActiveCfg = Debug|Any CPU
		{665AD37A-D692-413D-8527-67ADEEC80992}.Debug|Any CPU.Build.0 = Debug|Any CPU
		{665AD37A-D692-413D-8527-67ADEEC80992}.Release|Any CPU.ActiveCfg = Release|Any CPU
		{665AD37A-D692-413D-8527-67ADEEC80992}.Release|Any CPU.Build.0 = Release|Any CPU
		{7FA05D16-90F1-44E8-A4A6-4FE5954740D7}.Debug|Any CPU.ActiveCfg = Debug|Any CPU
		{7FA05D16-90F1-44E8-A4A6-4FE5954740D7}.Debug|Any CPU.Build.0 = Debug|Any CPU
		{7FA05D16-90F1-44E8-A4A6-4FE5954740D7}.Release|Any CPU.ActiveCfg = Release|Any CPU
		{7FA05D16-90F1-44E8-A4A6-4FE5954740D7}.Release|Any CPU.Build.0 = Release|Any CPU
		{0D2FB81F-5DFC-4513-BB0B-13AD2158769C}.Debug|Any CPU.ActiveCfg = Debug|Any CPU
		{0D2FB81F-5DFC-4513-BB0B-13AD2158769C}.Debug|Any CPU.Build.0 = Debug|Any CPU
		{0D2FB81F-5DFC-4513-BB0B-13AD2158769C}.Release|Any CPU.ActiveCfg = Release|Any CPU
		{0D2FB81F-5DFC-4513-BB0B-13AD2158769C}.Release|Any CPU.Build.0 = Release|Any CPU
		{101D3072-3569-4E1D-9F1D-0FE1ED3E8892}.Debug|Any CPU.ActiveCfg = Debug|Any CPU
		{101D3072-3569-4E1D-9F1D-0FE1ED3E8892}.Debug|Any CPU.Build.0 = Debug|Any CPU
		{101D3072-3569-4E1D-9F1D-0FE1ED3E8892}.Release|Any CPU.ActiveCfg = Release|Any CPU
		{101D3072-3569-4E1D-9F1D-0FE1ED3E8892}.Release|Any CPU.Build.0 = Release|Any CPU
		{1CF50D4D-4DDA-4798-9D73-156A2F8E228B}.Debug|Any CPU.ActiveCfg = Debug|Any CPU
		{1CF50D4D-4DDA-4798-9D73-156A2F8E228B}.Debug|Any CPU.Build.0 = Debug|Any CPU
		{1CF50D4D-4DDA-4798-9D73-156A2F8E228B}.Release|Any CPU.ActiveCfg = Release|Any CPU
		{1CF50D4D-4DDA-4798-9D73-156A2F8E228B}.Release|Any CPU.Build.0 = Release|Any CPU
		{C0168AD6-B906-4D3D-ADB0-2C259B9DEADC}.Debug|Any CPU.ActiveCfg = Debug|Any CPU
		{C0168AD6-B906-4D3D-ADB0-2C259B9DEADC}.Debug|Any CPU.Build.0 = Debug|Any CPU
		{C0168AD6-B906-4D3D-ADB0-2C259B9DEADC}.Release|Any CPU.ActiveCfg = Release|Any CPU
		{C0168AD6-B906-4D3D-ADB0-2C259B9DEADC}.Release|Any CPU.Build.0 = Release|Any CPU
	EndGlobalSection
	GlobalSection(SolutionProperties) = preSolution
		HideSolutionNode = FALSE
	EndGlobalSection
	GlobalSection(NestedProjects) = preSolution
		{E2EBF024-4B95-4422-957A-C769B10AE585} = {711E9695-1E09-4B24-8F9B-57398DBF3C56}
		{E2F49CDC-BA99-48ED-BA26-ADD4B7E8E1C6} = {8E6D744A-EC4A-489D-AF31-40F43819FC71}
		{877CA442-587A-4AD1-B8FE-F49D1E3763BD} = {2A71ED5A-60ED-47D9-A44A-406D0F312177}
		{0214C655-8677-48F1-B722-43A71EC3503E} = {C911241A-11D1-486D-81F2-B0BD7F30D334}
		{665AD37A-D692-413D-8527-67ADEEC80992} = {C911241A-11D1-486D-81F2-B0BD7F30D334}
		{7FA05D16-90F1-44E8-A4A6-4FE5954740D7} = {C1343EE1-B188-45C1-A820-8F9AEBEB0327}
		{0D2FB81F-5DFC-4513-BB0B-13AD2158769C} = {D551F251-DB60-4F79-B4E1-9BEDAD194D70}
		{101D3072-3569-4E1D-9F1D-0FE1ED3E8892} = {711E9695-1E09-4B24-8F9B-57398DBF3C56}
		{1CF50D4D-4DDA-4798-9D73-156A2F8E228B} = {711E9695-1E09-4B24-8F9B-57398DBF3C56}
		{C0168AD6-B906-4D3D-ADB0-2C259B9DEADC} = {711E9695-1E09-4B24-8F9B-57398DBF3C56}
	EndGlobalSection
	GlobalSection(ExtensibilityGlobals) = postSolution
		SolutionGuid = {F4E3517B-AE25-4CEA-8CFC-27B176C61713}
	EndGlobalSection
EndGlobal
